// !$*UTF8*$!
{
	archiveVersion = 1;
	classes = {
	};
	objectVersion = 50;
	objects = {

/* Begin PBXBuildFile section */
		570B9BB922256ADA00ADBFE5 /* PopOverViewController.swift in Sources */ = {isa = PBXBuildFile; fileRef = 570B9BB822256ADA00ADBFE5 /* PopOverViewController.swift */; };
		57B46C15222B4DC900B0FC55 /* iquiz.json in Resources */ = {isa = PBXBuildFile; fileRef = 57B46C14222B4DC900B0FC55 /* iquiz.json */; };
		57B46C16222B4DFA00B0FC55 /* iquiz.json in Sources */ = {isa = PBXBuildFile; fileRef = 57B46C14222B4DC900B0FC55 /* iquiz.json */; };
		57F72FF2221E82E70081D5D0 /* AppDelegate.swift in Sources */ = {isa = PBXBuildFile; fileRef = 57F72FF1221E82E70081D5D0 /* AppDelegate.swift */; };
		57F72FF4221E82E70081D5D0 /* QuestionViewController.swift in Sources */ = {isa = PBXBuildFile; fileRef = 57F72FF3221E82E70081D5D0 /* QuestionViewController.swift */; };
		57F72FF7221E82E70081D5D0 /* Main.storyboard in Resources */ = {isa = PBXBuildFile; fileRef = 57F72FF5221E82E70081D5D0 /* Main.storyboard */; };
		57F72FF9221E82E90081D5D0 /* Assets.xcassets in Resources */ = {isa = PBXBuildFile; fileRef = 57F72FF8221E82E90081D5D0 /* Assets.xcassets */; };
		57F72FFC221E82E90081D5D0 /* LaunchScreen.storyboard in Resources */ = {isa = PBXBuildFile; fileRef = 57F72FFA221E82E90081D5D0 /* LaunchScreen.storyboard */; };
		57F73007221E82E90081D5D0 /* iquizTests.swift in Sources */ = {isa = PBXBuildFile; fileRef = 57F73006221E82E90081D5D0 /* iquizTests.swift */; };
		57F73012221E82E90081D5D0 /* iquizUITests.swift in Sources */ = {isa = PBXBuildFile; fileRef = 57F73011221E82E90081D5D0 /* iquizUITests.swift */; };
		57F73022221E94900081D5D0 /* TableViewController.swift in Sources */ = {isa = PBXBuildFile; fileRef = 57F73021221E94900081D5D0 /* TableViewController.swift */; };
		57F73027221EC9D90081D5D0 /* ModController.swift in Sources */ = {isa = PBXBuildFile; fileRef = 57F73026221EC9D90081D5D0 /* ModController.swift */; };
		57F7302922201EB10081D5D0 /* AnswerViewController.swift in Sources */ = {isa = PBXBuildFile; fileRef = 57F7302822201EB10081D5D0 /* AnswerViewController.swift */; };
		57F7302B22201F010081D5D0 /* FinishViewController.swift in Sources */ = {isa = PBXBuildFile; fileRef = 57F7302A22201F010081D5D0 /* FinishViewController.swift */; };
/* End PBXBuildFile section */

/* Begin PBXContainerItemProxy section */
		57F73003221E82E90081D5D0 /* PBXContainerItemProxy */ = {
			isa = PBXContainerItemProxy;
			containerPortal = 57F72FE6221E82E70081D5D0 /* Project object */;
			proxyType = 1;
			remoteGlobalIDString = 57F72FED221E82E70081D5D0;
			remoteInfo = iquiz;
		};
		57F7300E221E82E90081D5D0 /* PBXContainerItemProxy */ = {
			isa = PBXContainerItemProxy;
			containerPortal = 57F72FE6221E82E70081D5D0 /* Project object */;
			proxyType = 1;
			remoteGlobalIDString = 57F72FED221E82E70081D5D0;
			remoteInfo = iquiz;
		};
/* End PBXContainerItemProxy section */

/* Begin PBXFileReference section */
		570B9BB822256ADA00ADBFE5 /* PopOverViewController.swift */ = {isa = PBXFileReference; lastKnownFileType = sourcecode.swift; path = PopOverViewController.swift; sourceTree = "<group>"; };
		57B46C14222B4DC900B0FC55 /* iquiz.json */ = {isa = PBXFileReference; fileEncoding = 4; lastKnownFileType = text.json; path = iquiz.json; sourceTree = "<group>"; };
		57F72FEE221E82E70081D5D0 /* iquiz.app */ = {isa = PBXFileReference; explicitFileType = wrapper.application; includeInIndex = 0; path = iquiz.app; sourceTree = BUILT_PRODUCTS_DIR; };
		57F72FF1221E82E70081D5D0 /* AppDelegate.swift */ = {isa = PBXFileReference; lastKnownFileType = sourcecode.swift; path = AppDelegate.swift; sourceTree = "<group>"; };
		57F72FF3221E82E70081D5D0 /* QuestionViewController.swift */ = {isa = PBXFileReference; lastKnownFileType = sourcecode.swift; path = QuestionViewController.swift; sourceTree = "<group>"; };
		57F72FF6221E82E70081D5D0 /* Base */ = {isa = PBXFileReference; lastKnownFileType = file.storyboard; name = Base; path = Base.lproj/Main.storyboard; sourceTree = "<group>"; };
		57F72FF8221E82E90081D5D0 /* Assets.xcassets */ = {isa = PBXFileReference; lastKnownFileType = folder.assetcatalog; path = Assets.xcassets; sourceTree = "<group>"; };
		57F72FFB221E82E90081D5D0 /* Base */ = {isa = PBXFileReference; lastKnownFileType = file.storyboard; name = Base; path = Base.lproj/LaunchScreen.storyboard; sourceTree = "<group>"; };
		57F72FFD221E82E90081D5D0 /* Info.plist */ = {isa = PBXFileReference; lastKnownFileType = text.plist.xml; path = Info.plist; sourceTree = "<group>"; };
		57F73002221E82E90081D5D0 /* iquizTests.xctest */ = {isa = PBXFileReference; explicitFileType = wrapper.cfbundle; includeInIndex = 0; path = iquizTests.xctest; sourceTree = BUILT_PRODUCTS_DIR; };
		57F73006221E82E90081D5D0 /* iquizTests.swift */ = {isa = PBXFileReference; lastKnownFileType = sourcecode.swift; path = iquizTests.swift; sourceTree = "<group>"; };
		57F73008221E82E90081D5D0 /* Info.plist */ = {isa = PBXFileReference; lastKnownFileType = text.plist.xml; path = Info.plist; sourceTree = "<group>"; };
		57F7300D221E82E90081D5D0 /* iquizUITests.xctest */ = {isa = PBXFileReference; explicitFileType = wrapper.cfbundle; includeInIndex = 0; path = iquizUITests.xctest; sourceTree = BUILT_PRODUCTS_DIR; };
		57F73011221E82E90081D5D0 /* iquizUITests.swift */ = {isa = PBXFileReference; lastKnownFileType = sourcecode.swift; path = iquizUITests.swift; sourceTree = "<group>"; };
		57F73013221E82E90081D5D0 /* Info.plist */ = {isa = PBXFileReference; lastKnownFileType = text.plist.xml; path = Info.plist; sourceTree = "<group>"; };
		57F73021221E94900081D5D0 /* TableViewController.swift */ = {isa = PBXFileReference; lastKnownFileType = sourcecode.swift; path = TableViewController.swift; sourceTree = "<group>"; };
		57F73026221EC9D90081D5D0 /* ModController.swift */ = {isa = PBXFileReference; lastKnownFileType = sourcecode.swift; path = ModController.swift; sourceTree = "<group>"; };
		57F7302822201EB10081D5D0 /* AnswerViewController.swift */ = {isa = PBXFileReference; lastKnownFileType = sourcecode.swift; path = AnswerViewController.swift; sourceTree = "<group>"; };
		57F7302A22201F010081D5D0 /* FinishViewController.swift */ = {isa = PBXFileReference; lastKnownFileType = sourcecode.swift; path = FinishViewController.swift; sourceTree = "<group>"; };
/* End PBXFileReference section */

/* Begin PBXFrameworksBuildPhase section */
		57F72FEB221E82E70081D5D0 /* Frameworks */ = {
			isa = PBXFrameworksBuildPhase;
			buildActionMask = 2147483647;
			files = (
			);
			runOnlyForDeploymentPostprocessing = 0;
		};
		57F72FFF221E82E90081D5D0 /* Frameworks */ = {
			isa = PBXFrameworksBuildPhase;
			buildActionMask = 2147483647;
			files = (
			);
			runOnlyForDeploymentPostprocessing = 0;
		};
		57F7300A221E82E90081D5D0 /* Frameworks */ = {
			isa = PBXFrameworksBuildPhase;
			buildActionMask = 2147483647;
			files = (
			);
			runOnlyForDeploymentPostprocessing = 0;
		};
/* End PBXFrameworksBuildPhase section */

/* Begin PBXGroup section */
		57F72FE5221E82E70081D5D0 = {
			isa = PBXGroup;
			children = (
				57F73023221EC62A0081D5D0 /* Resources */,
				57F72FF0221E82E70081D5D0 /* iquiz */,
				57F73005221E82E90081D5D0 /* iquizTests */,
				57F73010221E82E90081D5D0 /* iquizUITests */,
				57F72FEF221E82E70081D5D0 /* Products */,
			);
			sourceTree = "<group>";
		};
		57F72FEF221E82E70081D5D0 /* Products */ = {
			isa = PBXGroup;
			children = (
				57F72FEE221E82E70081D5D0 /* iquiz.app */,
				57F73002221E82E90081D5D0 /* iquizTests.xctest */,
				57F7300D221E82E90081D5D0 /* iquizUITests.xctest */,
			);
			name = Products;
			sourceTree = "<group>";
		};
		57F72FF0221E82E70081D5D0 /* iquiz */ = {
			isa = PBXGroup;
			children = (
				57F73021221E94900081D5D0 /* TableViewController.swift */,
				57F72FF1221E82E70081D5D0 /* AppDelegate.swift */,
				57F72FF3221E82E70081D5D0 /* QuestionViewController.swift */,
				57F72FF5221E82E70081D5D0 /* Main.storyboard */,
				57F72FF8221E82E90081D5D0 /* Assets.xcassets */,
				57F72FFA221E82E90081D5D0 /* LaunchScreen.storyboard */,
				57F72FFD221E82E90081D5D0 /* Info.plist */,
				57F73026221EC9D90081D5D0 /* ModController.swift */,
				57F7302822201EB10081D5D0 /* AnswerViewController.swift */,
				57F7302A22201F010081D5D0 /* FinishViewController.swift */,
				570B9BB822256ADA00ADBFE5 /* PopOverViewController.swift */,
			);
			path = iquiz;
			sourceTree = "<group>";
		};
		57F73005221E82E90081D5D0 /* iquizTests */ = {
			isa = PBXGroup;
			children = (
				57F73006221E82E90081D5D0 /* iquizTests.swift */,
				57F73008221E82E90081D5D0 /* Info.plist */,
			);
			path = iquizTests;
			sourceTree = "<group>";
		};
		57F73010221E82E90081D5D0 /* iquizUITests */ = {
			isa = PBXGroup;
			children = (
				57F73011221E82E90081D5D0 /* iquizUITests.swift */,
				57F73013221E82E90081D5D0 /* Info.plist */,
			);
			path = iquizUITests;
			sourceTree = "<group>";
		};
		57F73023221EC62A0081D5D0 /* Resources */ = {
			isa = PBXGroup;
			children = (
				57B46C14222B4DC900B0FC55 /* iquiz.json */,
			);
			path = Resources;
			sourceTree = "<group>";
		};
/* End PBXGroup section */

/* Begin PBXNativeTarget section */
		57F72FED221E82E70081D5D0 /* iquiz */ = {
			isa = PBXNativeTarget;
			buildConfigurationList = 57F73016221E82E90081D5D0 /* Build configuration list for PBXNativeTarget "iquiz" */;
			buildPhases = (
				57F72FEA221E82E70081D5D0 /* Sources */,
				57F72FEB221E82E70081D5D0 /* Frameworks */,
				57F72FEC221E82E70081D5D0 /* Resources */,
			);
			buildRules = (
			);
			dependencies = (
			);
			name = iquiz;
			productName = iquiz;
			productReference = 57F72FEE221E82E70081D5D0 /* iquiz.app */;
			productType = "com.apple.product-type.application";
		};
		57F73001221E82E90081D5D0 /* iquizTests */ = {
			isa = PBXNativeTarget;
			buildConfigurationList = 57F73019221E82E90081D5D0 /* Build configuration list for PBXNativeTarget "iquizTests" */;
			buildPhases = (
				57F72FFE221E82E90081D5D0 /* Sources */,
				57F72FFF221E82E90081D5D0 /* Frameworks */,
				57F73000221E82E90081D5D0 /* Resources */,
			);
			buildRules = (
			);
			dependencies = (
				57F73004221E82E90081D5D0 /* PBXTargetDependency */,
			);
			name = iquizTests;
			productName = iquizTests;
			productReference = 57F73002221E82E90081D5D0 /* iquizTests.xctest */;
			productType = "com.apple.product-type.bundle.unit-test";
		};
		57F7300C221E82E90081D5D0 /* iquizUITests */ = {
			isa = PBXNativeTarget;
			buildConfigurationList = 57F7301C221E82E90081D5D0 /* Build configuration list for PBXNativeTarget "iquizUITests" */;
			buildPhases = (
				57F73009221E82E90081D5D0 /* Sources */,
				57F7300A221E82E90081D5D0 /* Frameworks */,
				57F7300B221E82E90081D5D0 /* Resources */,
			);
			buildRules = (
			);
			dependencies = (
				57F7300F221E82E90081D5D0 /* PBXTargetDependency */,
			);
			name = iquizUITests;
			productName = iquizUITests;
			productReference = 57F7300D221E82E90081D5D0 /* iquizUITests.xctest */;
			productType = "com.apple.product-type.bundle.ui-testing";
		};
/* End PBXNativeTarget section */

/* Begin PBXProject section */
		57F72FE6221E82E70081D5D0 /* Project object */ = {
			isa = PBXProject;
			attributes = {
				LastSwiftUpdateCheck = 1010;
				LastUpgradeCheck = 1010;
				ORGANIZATIONNAME = "Gabe Bizar";
				TargetAttributes = {
					57F72FED221E82E70081D5D0 = {
						CreatedOnToolsVersion = 10.1;
					};
					57F73001221E82E90081D5D0 = {
						CreatedOnToolsVersion = 10.1;
						TestTargetID = 57F72FED221E82E70081D5D0;
					};
					57F7300C221E82E90081D5D0 = {
						CreatedOnToolsVersion = 10.1;
						TestTargetID = 57F72FED221E82E70081D5D0;
					};
				};
			};
			buildConfigurationList = 57F72FE9221E82E70081D5D0 /* Build configuration list for PBXProject "iquiz" */;
			compatibilityVersion = "Xcode 9.3";
			developmentRegion = en;
			hasScannedForEncodings = 0;
			knownRegions = (
				en,
				Base,
			);
			mainGroup = 57F72FE5221E82E70081D5D0;
			productRefGroup = 57F72FEF221E82E70081D5D0 /* Products */;
			projectDirPath = "";
			projectRoot = "";
			targets = (
				57F72FED221E82E70081D5D0 /* iquiz */,
				57F73001221E82E90081D5D0 /* iquizTests */,
				57F7300C221E82E90081D5D0 /* iquizUITests */,
			);
		};
/* End PBXProject section */

/* Begin PBXResourcesBuildPhase section */
		57F72FEC221E82E70081D5D0 /* Resources */ = {
			isa = PBXResourcesBuildPhase;
			buildActionMask = 2147483647;
			files = (
				57B46C15222B4DC900B0FC55 /* iquiz.json in Resources */,
				57F72FFC221E82E90081D5D0 /* LaunchScreen.storyboard in Resources */,
				57F72FF9221E82E90081D5D0 /* Assets.xcassets in Resources */,
				57F72FF7221E82E70081D5D0 /* Main.storyboard in Resources */,
			);
			runOnlyForDeploymentPostprocessing = 0;
		};
		57F73000221E82E90081D5D0 /* Resources */ = {
			isa = PBXResourcesBuildPhase;
			buildActionMask = 2147483647;
			files = (
			);
			runOnlyForDeploymentPostprocessing = 0;
		};
		57F7300B221E82E90081D5D0 /* Resources */ = {
			isa = PBXResourcesBuildPhase;
			buildActionMask = 2147483647;
			files = (
			);
			runOnlyForDeploymentPostprocessing = 0;
		};
/* End PBXResourcesBuildPhase section */

/* Begin PBXSourcesBuildPhase section */
		57F72FEA221E82E70081D5D0 /* Sources */ = {
			isa = PBXSourcesBuildPhase;
			buildActionMask = 2147483647;
			files = (
				57B46C16222B4DFA00B0FC55 /* iquiz.json in Sources */,
				57F72FF4221E82E70081D5D0 /* QuestionViewController.swift in Sources */,
				57F73022221E94900081D5D0 /* TableViewController.swift in Sources */,
				570B9BB922256ADA00ADBFE5 /* PopOverViewController.swift in Sources */,
				57F7302922201EB10081D5D0 /* AnswerViewController.swift in Sources */,
				57F73027221EC9D90081D5D0 /* ModController.swift in Sources */,
				57F72FF2221E82E70081D5D0 /* AppDelegate.swift in Sources */,
				57F7302B22201F010081D5D0 /* FinishViewController.swift in Sources */,
			);
			runOnlyForDeploymentPostprocessing = 0;
		};
		57F72FFE221E82E90081D5D0 /* Sources */ = {
			isa = PBXSourcesBuildPhase;
			buildActionMask = 2147483647;
			files = (
				57F73007221E82E90081D5D0 /* iquizTests.swift in Sources */,
			);
			runOnlyForDeploymentPostprocessing = 0;
		};
		57F73009221E82E90081D5D0 /* Sources */ = {
			isa = PBXSourcesBuildPhase;
			buildActionMask = 2147483647;
			files = (
				57F73012221E82E90081D5D0 /* iquizUITests.swift in Sources */,
			);
			runOnlyForDeploymentPostprocessing = 0;
		};
/* End PBXSourcesBuildPhase section */

/* Begin PBXTargetDependency section */
		57F73004221E82E90081D5D0 /* PBXTargetDependency */ = {
			isa = PBXTargetDependency;
			target = 57F72FED221E82E70081D5D0 /* iquiz */;
			targetProxy = 57F73003221E82E90081D5D0 /* PBXContainerItemProxy */;
		};
		57F7300F221E82E90081D5D0 /* PBXTargetDependency */ = {
			isa = PBXTargetDependency;
			target = 57F72FED221E82E70081D5D0 /* iquiz */;
			targetProxy = 57F7300E221E82E90081D5D0 /* PBXContainerItemProxy */;
		};
/* End PBXTargetDependency section */

/* Begin PBXVariantGroup section */
		57F72FF5221E82E70081D5D0 /* Main.storyboard */ = {
			isa = PBXVariantGroup;
			children = (
				57F72FF6221E82E70081D5D0 /* Base */,
			);
			name = Main.storyboard;
			sourceTree = "<group>";
		};
		57F72FFA221E82E90081D5D0 /* LaunchScreen.storyboard */ = {
			isa = PBXVariantGroup;
			children = (
				57F72FFB221E82E90081D5D0 /* Base */,
			);
			name = LaunchScreen.storyboard;
			sourceTree = "<group>";
		};
/* End PBXVariantGroup section */

/* Begin XCBuildConfiguration section */
		57F73014221E82E90081D5D0 /* Debug */ = {
			isa = XCBuildConfiguration;
			buildSettings = {
				ALWAYS_SEARCH_USER_PATHS = NO;
				CLANG_ANALYZER_NONNULL = YES;
				CLANG_ANALYZER_NUMBER_OBJECT_CONVERSION = YES_AGGRESSIVE;
				CLANG_CXX_LANGUAGE_STANDARD = "gnu++14";
				CLANG_CXX_LIBRARY = "libc++";
				CLANG_ENABLE_MODULES = YES;
				CLANG_ENABLE_OBJC_ARC = YES;
				CLANG_ENABLE_OBJC_WEAK = YES;
				CLANG_WARN_BLOCK_CAPTURE_AUTORELEASING = YES;
				CLANG_WARN_BOOL_CONVERSION = YES;
				CLANG_WARN_COMMA = YES;
				CLANG_WARN_CONSTANT_CONVERSION = YES;
				CLANG_WARN_DEPRECATED_OBJC_IMPLEMENTATIONS = YES;
				CLANG_WARN_DIRECT_OBJC_ISA_USAGE = YES_ERROR;
				CLANG_WARN_DOCUMENTATION_COMMENTS = YES;
				CLANG_WARN_EMPTY_BODY = YES;
				CLANG_WARN_ENUM_CONVERSION = YES;
				CLANG_WARN_INFINITE_RECURSION = YES;
				CLANG_WARN_INT_CONVERSION = YES;
				CLANG_WARN_NON_LITERAL_NULL_CONVERSION = YES;
				CLANG_WARN_OBJC_IMPLICIT_RETAIN_SELF = YES;
				CLANG_WARN_OBJC_LITERAL_CONVERSION = YES;
				CLANG_WARN_OBJC_ROOT_CLASS = YES_ERROR;
				CLANG_WARN_RANGE_LOOP_ANALYSIS = YES;
				CLANG_WARN_STRICT_PROTOTYPES = YES;
				CLANG_WARN_SUSPICIOUS_MOVE = YES;
				CLANG_WARN_UNGUARDED_AVAILABILITY = YES_AGGRESSIVE;
				CLANG_WARN_UNREACHABLE_CODE = YES;
				CLANG_WARN__DUPLICATE_METHOD_MATCH = YES;
				CODE_SIGN_IDENTITY = "iPhone Developer";
				COPY_PHASE_STRIP = NO;
				DEBUG_INFORMATION_FORMAT = dwarf;
				ENABLE_STRICT_OBJC_MSGSEND = YES;
				ENABLE_TESTABILITY = YES;
				GCC_C_LANGUAGE_STANDARD = gnu11;
				GCC_DYNAMIC_NO_PIC = NO;
				GCC_NO_COMMON_BLOCKS = YES;
				GCC_OPTIMIZATION_LEVEL = 0;
				GCC_PREPROCESSOR_DEFINITIONS = (
					"DEBUG=1",
					"$(inherited)",
				);
				GCC_WARN_64_TO_32_BIT_CONVERSION = YES;
				GCC_WARN_ABOUT_RETURN_TYPE = YES_ERROR;
				GCC_WARN_UNDECLARED_SELECTOR = YES;
				GCC_WARN_UNINITIALIZED_AUTOS = YES_AGGRESSIVE;
				GCC_WARN_UNUSED_FUNCTION = YES;
				GCC_WARN_UNUSED_VARIABLE = YES;
				IPHONEOS_DEPLOYMENT_TARGET = 12.1;
				MTL_ENABLE_DEBUG_INFO = INCLUDE_SOURCE;
				MTL_FAST_MATH = YES;
				ONLY_ACTIVE_ARCH = YES;
				SDKROOT = iphoneos;
				SWIFT_ACTIVE_COMPILATION_CONDITIONS = DEBUG;
				SWIFT_OPTIMIZATION_LEVEL = "-Onone";
			};
			name = Debug;
		};
		57F73015221E82E90081D5D0 /* Release */ = {
			isa = XCBuildConfiguration;
			buildSettings = {
				ALWAYS_SEARCH_USER_PATHS = NO;
				CLANG_ANALYZER_NONNULL = YES;
				CLANG_ANALYZER_NUMBER_OBJECT_CONVERSION = YES_AGGRESSIVE;
				CLANG_CXX_LANGUAGE_STANDARD = "gnu++14";
				CLANG_CXX_LIBRARY = "libc++";
				CLANG_ENABLE_MODULES = YES;
				CLANG_ENABLE_OBJC_ARC = YES;
				CLANG_ENABLE_OBJC_WEAK = YES;
				CLANG_WARN_BLOCK_CAPTURE_AUTORELEASING = YES;
				CLANG_WARN_BOOL_CONVERSION = YES;
				CLANG_WARN_COMMA = YES;
				CLANG_WARN_CONSTANT_CONVERSION = YES;
				CLANG_WARN_DEPRECATED_OBJC_IMPLEMENTATIONS = YES;
				CLANG_WARN_DIRECT_OBJC_ISA_USAGE = YES_ERROR;
				CLANG_WARN_DOCUMENTATION_COMMENTS = YES;
				CLANG_WARN_EMPTY_BODY = YES;
				CLANG_WARN_ENUM_CONVERSION = YES;
				CLANG_WARN_INFINITE_RECURSION = YES;
				CLANG_WARN_INT_CONVERSION = YES;
				CLANG_WARN_NON_LITERAL_NULL_CONVERSION = YES;
				CLANG_WARN_OBJC_IMPLICIT_RETAIN_SELF = YES;
				CLANG_WARN_OBJC_LITERAL_CONVERSION = YES;
				CLANG_WARN_OBJC_ROOT_CLASS = YES_ERROR;
				CLANG_WARN_RANGE_LOOP_ANALYSIS = YES;
				CLANG_WARN_STRICT_PROTOTYPES = YES;
				CLANG_WARN_SUSPICIOUS_MOVE = YES;
				CLANG_WARN_UNGUARDED_AVAILABILITY = YES_AGGRESSIVE;
				CLANG_WARN_UNREACHABLE_CODE = YES;
				CLANG_WARN__DUPLICATE_METHOD_MATCH = YES;
				CODE_SIGN_IDENTITY = "iPhone Developer";
				COPY_PHASE_STRIP = NO;
				DEBUG_INFORMATION_FORMAT = "dwarf-with-dsym";
				ENABLE_NS_ASSERTIONS = NO;
				ENABLE_STRICT_OBJC_MSGSEND = YES;
				GCC_C_LANGUAGE_STANDARD = gnu11;
				GCC_NO_COMMON_BLOCKS = YES;
				GCC_WARN_64_TO_32_BIT_CONVERSION = YES;
				GCC_WARN_ABOUT_RETURN_TYPE = YES_ERROR;
				GCC_WARN_UNDECLARED_SELECTOR = YES;
				GCC_WARN_UNINITIALIZED_AUTOS = YES_AGGRESSIVE;
				GCC_WARN_UNUSED_FUNCTION = YES;
				GCC_WARN_UNUSED_VARIABLE = YES;
				IPHONEOS_DEPLOYMENT_TARGET = 12.1;
				MTL_ENABLE_DEBUG_INFO = NO;
				MTL_FAST_MATH = YES;
				SDKROOT = iphoneos;
				SWIFT_COMPILATION_MODE = wholemodule;
				SWIFT_OPTIMIZATION_LEVEL = "-O";
				VALIDATE_PRODUCT = YES;
			};
			name = Release;
		};
		57F73017221E82E90081D5D0 /* Debug */ = {
			isa = XCBuildConfiguration;
			buildSettings = {
				ASSETCATALOG_COMPILER_APPICON_NAME = AppIcon;
				CODE_SIGN_STYLE = Automatic;
				DEVELOPMENT_TEAM = 8KA7AMVL7M;
				INFOPLIST_FILE = iquiz/Info.plist;
				LD_RUNPATH_SEARCH_PATHS = (
					"$(inherited)",
					"@executable_path/Frameworks",
				);
				PRODUCT_BUNDLE_IDENTIFIER = edu.washington.gebizar.iquiz;
				PRODUCT_NAME = "$(TARGET_NAME)";
				SWIFT_VERSION = 4.2;
				TARGETED_DEVICE_FAMILY = "1,2";
			};
			name = Debug;
		};
		57F73018221E82E90081D5D0 /* Release */ = {
			isa = XCBuildConfiguration;
			buildSettings = {
				ASSETCATALOG_COMPILER_APPICON_NAME = AppIcon;
				CODE_SIGN_STYLE = Automatic;
				DEVELOPMENT_TEAM = 8KA7AMVL7M;
				INFOPLIST_FILE = iquiz/Info.plist;
				LD_RUNPATH_SEARCH_PATHS = (
					"$(inherited)",
					"@executable_path/Frameworks",
				);
				PRODUCT_BUNDLE_IDENTIFIER = edu.washington.gebizar.iquiz;
				PRODUCT_NAME = "$(TARGET_NAME)";
				SWIFT_VERSION = 4.2;
				TARGETED_DEVICE_FAMILY = "1,2";
			};
			name = Release;
		};
		57F7301A221E82E90081D5D0 /* Debug */ = {
			isa = XCBuildConfiguration;
			buildSettings = {
				ALWAYS_EMBED_SWIFT_STANDARD_LIBRARIES = YES;
				BUNDLE_LOADER = "$(TEST_HOST)";
				CODE_SIGN_STYLE = Automatic;
				DEVELOPMENT_TEAM = 8KA7AMVL7M;
				INFOPLIST_FILE = iquizTests/Info.plist;
				LD_RUNPATH_SEARCH_PATHS = (
					"$(inherited)",
					"@executable_path/Frameworks",
					"@loader_path/Frameworks",
				);
				PRODUCT_BUNDLE_IDENTIFIER = edu.washington.gebizar.iquizTests;
				PRODUCT_NAME = "$(TARGET_NAME)";
				SWIFT_VERSION = 4.2;
				TARGETED_DEVICE_FAMILY = "1,2";
				TEST_HOST = "$(BUILT_PRODUCTS_DIR)/iquiz.app/iquiz";
			};
			name = Debug;
		};
		57F7301B221E82E90081D5D0 /* Release */ = {
			isa = XCBuildConfiguration;
			buildSettings = {
				ALWAYS_EMBED_SWIFT_STANDARD_LIBRARIES = YES;
				BUNDLE_LOADER = "$(TEST_HOST)";
				CODE_SIGN_STYLE = Automatic;
				DEVELOPMENT_TEAM = 8KA7AMVL7M;
				INFOPLIST_FILE = iquizTests/Info.plist;
				LD_RUNPATH_SEARCH_PATHS = (
					"$(inherited)",
					"@executable_path/Frameworks",
					"@loader_path/Frameworks",
				);
				PRODUCT_BUNDLE_IDENTIFIER = edu.washington.gebizar.iquizTests;
				PRODUCT_NAME = "$(TARGET_NAME)";
				SWIFT_VERSION = 4.2;
				TARGETED_DEVICE_FAMILY = "1,2";
				TEST_HOST = "$(BUILT_PRODUCTS_DIR)/iquiz.app/iquiz";
			};
			name = Release;
		};
		57F7301D221E82E90081D5D0 /* Debug */ = {
			isa = XCBuildConfiguration;
			buildSettings = {
				ALWAYS_EMBED_SWIFT_STANDARD_LIBRARIES = YES;
				CODE_SIGN_STYLE = Automatic;
				DEVELOPMENT_TEAM = 8KA7AMVL7M;
				INFOPLIST_FILE = iquizUITests/Info.plist;
				LD_RUNPATH_SEARCH_PATHS = (
					"$(inherited)",
					"@executable_path/Frameworks",
					"@loader_path/Frameworks",
				);
				PRODUCT_BUNDLE_IDENTIFIER = edu.washington.gebizar.iquizUITests;
				PRODUCT_NAME = "$(TARGET_NAME)";
				SWIFT_VERSION = 4.2;
				TARGETED_DEVICE_FAMILY = "1,2";
				TEST_TARGET_NAME = iquiz;
			};
			name = Debug;
		};
		57F7301E221E82E90081D5D0 /* Release */ = {
			isa = XCBuildConfiguration;
			buildSettings = {
				ALWAYS_EMBED_SWIFT_STANDARD_LIBRARIES = YES;
				CODE_SIGN_STYLE = Automatic;
				DEVELOPMENT_TEAM = 8KA7AMVL7M;
				INFOPLIST_FILE = iquizUITests/Info.plist;
				LD_RUNPATH_SEARCH_PATHS = (
					"$(inherited)",
					"@executable_path/Frameworks",
					"@loader_path/Frameworks",
				);
				PRODUCT_BUNDLE_IDENTIFIER = edu.washington.gebizar.iquizUITests;
				PRODUCT_NAME = "$(TARGET_NAME)";
				SWIFT_VERSION = 4.2;
				TARGETED_DEVICE_FAMILY = "1,2";
				TEST_TARGET_NAME = iquiz;
			};
			name = Release;
		};
/* End XCBuildConfiguration section */

/* Begin XCConfigurationList section */
		57F72FE9221E82E70081D5D0 /* Build configuration list for PBXProject "iquiz" */ = {
			isa = XCConfigurationList;
			buildConfigurations = (
				57F73014221E82E90081D5D0 /* Debug */,
				57F73015221E82E90081D5D0 /* Release */,
			);
			defaultConfigurationIsVisible = 0;
			defaultConfigurationName = Release;
		};
		57F73016221E82E90081D5D0 /* Build configuration list for PBXNativeTarget "iquiz" */ = {
			isa = XCConfigurationList;
			buildConfigurations = (
				57F73017221E82E90081D5D0 /* Debug */,
				57F73018221E82E90081D5D0 /* Release */,
			);
			defaultConfigurationIsVisible = 0;
			defaultConfigurationName = Release;
		};
		57F73019221E82E90081D5D0 /* Build configuration list for PBXNativeTarget "iquizTests" */ = {
			isa = XCConfigurationList;
			buildConfigurations = (
				57F7301A221E82E90081D5D0 /* Debug */,
				57F7301B221E82E90081D5D0 /* Release */,
			);
			defaultConfigurationIsVisible = 0;
			defaultConfigurationName = Release;
		};
		57F7301C221E82E90081D5D0 /* Build configuration list for PBXNativeTarget "iquizUITests" */ = {
			isa = XCConfigurationList;
			buildConfigurations = (
				57F7301D221E82E90081D5D0 /* Debug */,
				57F7301E221E82E90081D5D0 /* Release */,
			);
			defaultConfigurationIsVisible = 0;
			defaultConfigurationName = Release;
		};
/* End XCConfigurationList section */
	};
	rootObject = 57F72FE6221E82E70081D5D0 /* Project object */;
}
